#
# This file is autogenerated by pip-compile with Python 3.12
# by the following command:
#
#    pip-compile --constraint=/tmp/tmp.pvymFihSGw --no-index --output-file=requirements/agent.lock --strip-extras requirements/agent.txt
#
a2a-sdk==0.3.26
    # via
    #   -c /tmp/tmp.pvymFihSGw
    #   -r requirements/agent.txt
aio-pika==10.1.0
    # via
    #   -c /tmp/tmp.pvymFihSGw
    #   -r requirements/agent.txt
aiormq==7.2.1
    # via
    #   -c /tmp/tmp.pvymFihSGw
    #   aio-pika
annotated-doc==0.0.5
    # via
    #   -c /tmp/tmp.pvymFihSGw
    #   fastapi
annotated-types==0.8.0
    # via
    #   -c /tmp/tmp.pvymFihSGw
    #   pydantic
anyio==4.15.1
    # via
    #   -c /tmp/tmp.pvymFihSGw
    #   httpx
    #   langfuse
    #   sse-starlette
    #   starlette
attrs==26.1.0
    # via
    #   -c /tmp/tmp.pvymFihSGw
    #   jsonschema
    #   referencing
backoff==2.2.1
    # via langfuse
certifi==2026.7.22
    # via
    #   -c /tmp/tmp.pvymFihSGw
    #   httpcore
    #   httpx
    #   requests
cffi==2.1.1
    # via
    #   -c /tmp/tmp.pvymFihSGw
    #   cryptography
charset-normalizer==3.5.2
    # via
    #   -c /tmp/tmp.pvymFihSGw
    #   requests
click==8.5.0
    # via
    #   -c /tmp/tmp.pvymFihSGw
    #   uvicorn
cryptography==50.0.2
    # via
    #   -c /tmp/tmp.pvymFihSGw
    #   google-auth
deprecation==2.1.0
    # via
    #   -c /tmp/tmp.pvymFihSGw
    #   lancedb
fastapi==0.142.2
    # via
    #   -c /tmp/tmp.pvymFihSGw
    #   a2a-sdk
google-api-core==2.40.0
    # via
    #   -c /tmp/tmp.pvymFihSGw
    #   a2a-sdk
google-auth==2.59.1
    # via
    #   -c /tmp/tmp.pvymFihSGw
    #   google-api-core
googleapis-common-protos==1.75.5
    # via
    #   -c /tmp/tmp.pvymFihSGw
    #   google-api-core
h11==0.16.0
    # via
    #   -c /tmp/tmp.pvymFihSGw
    #   httpcore
    #   uvicorn
httpcore==1.0.9
    # via
    #   -c /tmp/tmp.pvymFihSGw
    #   httpx
httpx==0.28.1
    # via
    #   -c /tmp/tmp.pvymFihSGw
    #   -r requirements/base.txt
    #   a2a-sdk
    #   langfuse
httpx-sse==0.4.3
    # via
    #   -c /tmp/tmp.pvymFihSGw
    #   a2a-sdk
idna==3.20
    # via
    #   -c /tmp/tmp.pvymFihSGw
    #   anyio
    #   httpx
    #   langfuse
    #   requests
    #   yarl
jsonschema==4.26.0
    # via
    #   -c /tmp/tmp.pvymFihSGw
    #   -r requirements/base.txt
jsonschema-specifications==2025.9.1
    # via
    #   -c /tmp/tmp.pvymFihSGw
    #   jsonschema
lance-namespace==0.13.0
    # via
    #   -c /tmp/tmp.pvymFihSGw
    #   lancedb
lance-namespace-urllib3-client==0.13.0
    # via
    #   -c /tmp/tmp.pvymFihSGw
    #   lance-namespace
lancedb==0.39.0
    # via
    #   -c /tmp/tmp.pvymFihSGw
    #   -r requirements/agent.txt
langfuse==2.60.10
    # via -r requirements/agent.txt
multidict==6.9.1
    # via
    #   -c /tmp/tmp.pvymFihSGw
    #   yarl
numpy==2.5.3
    # via
    #   -c /tmp/tmp.pvymFihSGw
    #   lancedb
opentelemetry-api==1.45.0
    # via
    #   -c /tmp/tmp.pvymFihSGw
    #   fastapi
    #   google-api-core
packaging==24.2
    # via
    #   deprecation
    #   lancedb
    #   langfuse
pamqp==4.0.1
    # via
    #   -c /tmp/tmp.pvymFihSGw
    #   aiormq
propcache==0.5.4
    # via
    #   -c /tmp/tmp.pvymFihSGw
    #   yarl
proto-plus==1.29.0
    # via
    #   -c /tmp/tmp.pvymFihSGw
    #   google-api-core
protobuf==7.36.2
    # via
    #   -c /tmp/tmp.pvymFihSGw
    #   a2a-sdk
    #   google-api-core
    #   googleapis-common-protos
    #   proto-plus
pyarrow==25.0.1
    # via
    #   -c /tmp/tmp.pvymFihSGw
    #   lancedb
pyasn1==0.6.4
    # via
    #   -c /tmp/tmp.pvymFihSGw
    #   pyasn1-modules
pyasn1-modules==0.4.2
    # via
    #   -c /tmp/tmp.pvymFihSGw
    #   google-auth
pycparser==3.0
    # via
    #   -c /tmp/tmp.pvymFihSGw
    #   cffi
pydantic==2.13.5
    # via
    #   -c /tmp/tmp.pvymFihSGw
    #   -r requirements/base.txt
    #   a2a-sdk
    #   fastapi
    #   lance-namespace-urllib3-client
    #   lancedb
    #   langfuse
pydantic-core==2.46.5
    # via
    #   -c /tmp/tmp.pvymFihSGw
    #   pydantic
pyflakes==3.4.0
    # via
    #   -c /tmp/tmp.pvymFihSGw
    #   -r requirements/base.txt
python-dateutil==2.9.0.post0
    # via
    #   -c /tmp/tmp.pvymFihSGw
    #   lance-namespace-urllib3-client
python-dotenv==1.2.4
    # via
    #   -c /tmp/tmp.pvymFihSGw
    #   -r requirements/base.txt
pyyaml==6.0.3
    # via
    #   -c /tmp/tmp.pvymFihSGw
    #   -r requirements/base.txt
referencing==0.37.0
    # via
    #   -c /tmp/tmp.pvymFihSGw
    #   jsonschema
    #   jsonschema-specifications
requests==2.34.2
    # via
    #   -c /tmp/tmp.pvymFihSGw
    #   google-api-core
    #   langfuse
rpds-py==2026.9.1
    # via
    #   -c /tmp/tmp.pvymFihSGw
    #   jsonschema
    #   referencing
six==1.17.0
    # via
    #   -c /tmp/tmp.pvymFihSGw
    #   python-dateutil
sse-starlette==3.5.0
    # via
    #   -c /tmp/tmp.pvymFihSGw
    #   a2a-sdk
starlette==1.7.0
    # via
    #   -c /tmp/tmp.pvymFihSGw
    #   a2a-sdk
    #   fastapi
    #   sse-starlette
tqdm==4.70.1
    # via
    #   -c /tmp/tmp.pvymFihSGw
    #   lancedb
tree-sitter==0.26.0
    # via
    #   -c /tmp/tmp.pvymFihSGw
    #   -r requirements/agent.txt
tree-sitter-javascript==0.25.0
    # via
    #   -c /tmp/tmp.pvymFihSGw
    #   -r requirements/agent.txt
tree-sitter-typescript==0.23.2
    # via
    #   -c /tmp/tmp.pvymFihSGw
    #   -r requirements/agent.txt
typing-extensions==4.16.0
    # via
    #   -c /tmp/tmp.pvymFihSGw
    #   anyio
    #   fastapi
    #   lance-namespace-urllib3-client
    #   opentelemetry-api
    #   pydantic
    #   pydantic-core
    #   referencing
    #   starlette
    #   typing-inspection
typing-inspection==0.4.4
    # via
    #   -c /tmp/tmp.pvymFihSGw
    #   fastapi
    #   pydantic
urllib3==2.8.0
    # via
    #   -c /tmp/tmp.pvymFihSGw
    #   lance-namespace-urllib3-client
    #   requests
uvicorn==0.54.0
    # via
    #   -c /tmp/tmp.pvymFihSGw
    #   -r requirements/agent.txt
wrapt==1.17.3
    # via langfuse
yarl==1.25.1
    # via
    #   -c /tmp/tmp.pvymFihSGw
    #   aio-pika
    #   aiormq
