#
# This file is autogenerated by pip-compile with Python 3.12
# by the following command:
#
#    pip-compile --constraint=/tmp/tmp.krqcXcy1ef --no-index --output-file=requirements/api.lock --strip-extras requirements/api.txt
#
aio-pika==10.0.1
    # via
    #   -c /tmp/tmp.krqcXcy1ef
    #   -r requirements/api.txt
aiormq==7.0.0
    # via
    #   -c /tmp/tmp.krqcXcy1ef
    #   aio-pika
annotated-doc==0.0.5
    # via
    #   -c /tmp/tmp.krqcXcy1ef
    #   fastapi
annotated-types==0.8.0
    # via
    #   -c /tmp/tmp.krqcXcy1ef
    #   pydantic
anyio==4.15.1
    # via
    #   -c /tmp/tmp.krqcXcy1ef
    #   httpx
    #   langfuse
    #   starlette
asyncpg==0.31.0
    # via
    #   -c /tmp/tmp.krqcXcy1ef
    #   -r requirements/api.txt
attrs==26.1.0
    # via
    #   -c /tmp/tmp.krqcXcy1ef
    #   jsonschema
    #   referencing
backoff==2.2.1
    # via langfuse
certifi==2026.7.22
    # via
    #   -c /tmp/tmp.krqcXcy1ef
    #   httpcore
    #   httpx
    #   requests
cffi==2.1.1
    # via
    #   -c /tmp/tmp.krqcXcy1ef
    #   cryptography
charset-normalizer==3.5.1
    # via
    #   -c /tmp/tmp.krqcXcy1ef
    #   requests
click==8.5.0
    # via
    #   -c /tmp/tmp.krqcXcy1ef
    #   uvicorn
cryptography==50.0.1
    # via
    #   -c /tmp/tmp.krqcXcy1ef
    #   python-jose
ecdsa==0.19.2
    # via
    #   -c /tmp/tmp.krqcXcy1ef
    #   python-jose
fastapi==0.135.4
    # via
    #   -c /tmp/tmp.krqcXcy1ef
    #   -r requirements/api.txt
h11==0.16.0
    # via
    #   -c /tmp/tmp.krqcXcy1ef
    #   httpcore
    #   uvicorn
httpcore==1.0.9
    # via
    #   -c /tmp/tmp.krqcXcy1ef
    #   httpx
httpx==0.28.1
    # via
    #   -c /tmp/tmp.krqcXcy1ef
    #   -r requirements/base.txt
    #   langfuse
idna==3.19
    # via
    #   -c /tmp/tmp.krqcXcy1ef
    #   anyio
    #   httpx
    #   langfuse
    #   requests
    #   yarl
jsonschema==4.26.0
    # via
    #   -c /tmp/tmp.krqcXcy1ef
    #   -r requirements/base.txt
jsonschema-specifications==2025.9.1
    # via
    #   -c /tmp/tmp.krqcXcy1ef
    #   jsonschema
langfuse==2.60.10
    # via -r requirements/api.txt
multidict==6.7.1
    # via
    #   -c /tmp/tmp.krqcXcy1ef
    #   yarl
packaging==24.2
    # via langfuse
pamqp==4.0.1
    # via
    #   -c /tmp/tmp.krqcXcy1ef
    #   aiormq
propcache==0.5.2
    # via
    #   -c /tmp/tmp.krqcXcy1ef
    #   yarl
pyasn1==0.6.4
    # via
    #   -c /tmp/tmp.krqcXcy1ef
    #   python-jose
    #   rsa
pycparser==3.0
    # via
    #   -c /tmp/tmp.krqcXcy1ef
    #   cffi
pydantic==2.13.5
    # via
    #   -c /tmp/tmp.krqcXcy1ef
    #   -r requirements/base.txt
    #   fastapi
    #   langfuse
pydantic-core==2.46.5
    # via
    #   -c /tmp/tmp.krqcXcy1ef
    #   pydantic
pyflakes==3.4.0
    # via
    #   -c /tmp/tmp.krqcXcy1ef
    #   -r requirements/base.txt
python-dotenv==1.2.3
    # via
    #   -c /tmp/tmp.krqcXcy1ef
    #   -r requirements/base.txt
python-jose==3.5.0
    # via
    #   -c /tmp/tmp.krqcXcy1ef
    #   -r requirements/api.txt
python-multipart==0.0.32
    # via
    #   -c /tmp/tmp.krqcXcy1ef
    #   -r requirements/api.txt
pyyaml==6.0.3
    # via
    #   -c /tmp/tmp.krqcXcy1ef
    #   -r requirements/base.txt
redis==8.1.0
    # via
    #   -c /tmp/tmp.krqcXcy1ef
    #   -r requirements/api.txt
referencing==0.37.0
    # via
    #   -c /tmp/tmp.krqcXcy1ef
    #   jsonschema
    #   jsonschema-specifications
requests==2.34.2
    # via
    #   -c /tmp/tmp.krqcXcy1ef
    #   langfuse
rpds-py==2026.6.3
    # via
    #   -c /tmp/tmp.krqcXcy1ef
    #   jsonschema
    #   referencing
rsa==4.9.1
    # via
    #   -c /tmp/tmp.krqcXcy1ef
    #   python-jose
six==1.17.0
    # via
    #   -c /tmp/tmp.krqcXcy1ef
    #   ecdsa
starlette==1.6.0
    # via
    #   -c /tmp/tmp.krqcXcy1ef
    #   fastapi
typing-extensions==4.16.0
    # via
    #   -c /tmp/tmp.krqcXcy1ef
    #   anyio
    #   fastapi
    #   pydantic
    #   pydantic-core
    #   referencing
    #   starlette
    #   typing-inspection
typing-inspection==0.4.4
    # via
    #   -c /tmp/tmp.krqcXcy1ef
    #   fastapi
    #   pydantic
ulid-py==1.1.0
    # via -r requirements/api.txt
urllib3==2.7.0
    # via
    #   -c /tmp/tmp.krqcXcy1ef
    #   requests
uvicorn==0.52.4
    # via
    #   -c /tmp/tmp.krqcXcy1ef
    #   -r requirements/api.txt
wrapt==1.17.3
    # via langfuse
yarl==1.24.5
    # via
    #   -c /tmp/tmp.krqcXcy1ef
    #   aio-pika
    #   aiormq
